
Microsoft Visual Studio Solution File, Format Version 12.00
# Visual Studio Version 17
VisualStudioVersion = 17.14.36401.2 d17.14
MinimumVisualStudioVersion = 10.0.40219.1
Project("{FAE04EC0-301F-11D3-BF4B-00C04F79EFBC}") = "Salat", "Salat.csproj", "{5ACBAD9D-AC21-4E6A-AD0B-0EEA82544866}"
EndProject
Global
	GlobalSection(SolutionConfigurationPlatforms) = preSolution
		Debug|Any CPU = Debug|Any CPU
		Release|Any CPU = Release|Any CPU
	EndGlobalSection
	GlobalSection(ProjectConfigurationPlatforms) = postSolution
		{5ACBAD9D-AC21-4E6A-AD0B-0EEA82544866}.Debug|Any CPU.ActiveCfg = Debug|Any CPU
		{5ACBAD9D-AC21-4E6A-AD0B-0EEA82544866}.Debug|Any CPU.Build.0 = Debug|Any CPU
		{5ACBAD9D-AC21-4E6A-AD0B-0EEA82544866}.Release|Any CPU.ActiveCfg = Release|Any CPU
		{5ACBAD9D-AC21-4E6A-AD0B-0EEA82544866}.Release|Any CPU.Build.0 = Release|Any CPU
	EndGlobalSection
	GlobalSection(SolutionProperties) = preSolution
		HideSolutionNode = FALSE
	EndGlobalSection
	GlobalSection(ExtensibilityGlobals) = postSolution
		SolutionGuid = {A1D20AA4-B8BB-40D1-AEC3-78B60694C221}
	EndGlobalSection
EndGlobal
